
Microsoft Visual Studio Solution File, Format Version 12.00
# Visual Studio 15
Project("{FAE04EC0-301F-11D3-BF4B-00C04F79EFBC}") = "SteamVR", "SteamVR.csproj", "{FBDE8870-5A46-551C-B132-DE2D9618F122}"
EndProject
Project("{FAE04EC0-301F-11D3-BF4B-00C04F79EFBC}") = "Assembly-CSharp-firstpass", "Assembly-CSharp-firstpass.csproj", "{E48A02A3-0170-9E37-94A9-3472C830458B}"
EndProject
Project("{FAE04EC0-301F-11D3-BF4B-00C04F79EFBC}") = "SteamVR_Editor", "SteamVR_Editor.csproj", "{3D3D0DC5-D7AA-D13E-3F5A-D23FB4A3CBA7}"
EndProject
Project("{FAE04EC0-301F-11D3-BF4B-00C04F79EFBC}") = "SteamVR_Input_Editor", "SteamVR_Input_Editor.csproj", "{9650E7D9-328F-B64E-93E7-EE345832B4B8}"
EndProject
Project("{FAE04EC0-301F-11D3-BF4B-00C04F79EFBC}") = "SteamVR_Windows_EditorHelper", "SteamVR_Windows_EditorHelper.csproj", "{6F9A87B5-BA47-0083-2782-8C0832B5595E}"
EndProject
Global
	GlobalSection(SolutionConfigurationPlatforms) = preSolution
		Debug|Any CPU = Debug|Any CPU
		Release|Any CPU = Release|Any CPU
	EndGlobalSection
	GlobalSection(ProjectConfigurationPlatforms) = postSolution
		{FBDE8870-5A46-551C-B132-DE2D9618F122}.Debug|Any CPU.ActiveCfg = Debug|Any CPU
		{FBDE8870-5A46-551C-B132-DE2D9618F122}.Debug|Any CPU.Build.0 = Debug|Any CPU
		{FBDE8870-5A46-551C-B132-DE2D9618F122}.Release|Any CPU.ActiveCfg = Release|Any CPU
		{FBDE8870-5A46-551C-B132-DE2D9618F122}.Release|Any CPU.Build.0 = Release|Any CPU
		{E48A02A3-0170-9E37-94A9-3472C830458B}.Debug|Any CPU.ActiveCfg = Debug|Any CPU
		{E48A02A3-0170-9E37-94A9-3472C830458B}.Debug|Any CPU.Build.0 = Debug|Any CPU
		{E48A02A3-0170-9E37-94A9-3472C830458B}.Release|Any CPU.ActiveCfg = Release|Any CPU
		{E48A02A3-0170-9E37-94A9-3472C830458B}.Release|Any CPU.Build.0 = Release|Any CPU
		{3D3D0DC5-D7AA-D13E-3F5A-D23FB4A3CBA7}.Debug|Any CPU.ActiveCfg = Debug|Any CPU
		{3D3D0DC5-D7AA-D13E-3F5A-D23FB4A3CBA7}.Debug|Any CPU.Build.0 = Debug|Any CPU
		{3D3D0DC5-D7AA-D13E-3F5A-D23FB4A3CBA7}.Release|Any CPU.ActiveCfg = Release|Any CPU
		{3D3D0DC5-D7AA-D13E-3F5A-D23FB4A3CBA7}.Release|Any CPU.Build.0 = Release|Any CPU
		{9650E7D9-328F-B64E-93E7-EE345832B4B8}.Debug|Any CPU.ActiveCfg = Debug|Any CPU
		{9650E7D9-328F-B64E-93E7-EE345832B4B8}.Debug|Any CPU.Build.0 = Debug|Any CPU
		{9650E7D9-328F-B64E-93E7-EE345832B4B8}.Release|Any CPU.ActiveCfg = Release|Any CPU
		{9650E7D9-328F-B64E-93E7-EE345832B4B8}.Release|Any CPU.Build.0 = Release|Any CPU
		{6F9A87B5-BA47-0083-2782-8C0832B5595E}.Debug|Any CPU.ActiveCfg = Debug|Any CPU
		{6F9A87B5-BA47-0083-2782-8C0832B5595E}.Debug|Any CPU.Build.0 = Debug|Any CPU
		{6F9A87B5-BA47-0083-2782-8C0832B5595E}.Release|Any CPU.ActiveCfg = Release|Any CPU
		{6F9A87B5-BA47-0083-2782-8C0832B5595E}.Release|Any CPU.Build.0 = Release|Any CPU
	EndGlobalSection
	GlobalSection(SolutionProperties) = preSolution
		HideSolutionNode = FALSE
	EndGlobalSection
EndGlobal
